
Microsoft Visual Studio Solution File, Format Version 12.00
# Visual Studio Version 17
VisualStudioVersion = 17.0.31912.275
MinimumVisualStudioVersion = 10.0.40219.1
Project("{9A19103F-16F7-4668-BE54-9A1E7A4F7556}") = "BlazorAll.Server", "BlazorAll\Server\BlazorAll.Server.csproj", "{71AD82AB-A79F-44C7-BB20-289D58220345}"
EndProject
Project("{9A19103F-16F7-4668-BE54-9A1E7A4F7556}") = "BlazorAll.Client", "BlazorAll\Client\BlazorAll.Client.csproj", "{E9007518-9E87-4C82-8E92-6A8020EF81CA}"
EndProject
Project("{9A19103F-16F7-4668-BE54-9A1E7A4F7556}") = "BlazorAll.Shared", "BlazorAll\Shared\BlazorAll.Shared.csproj", "{1A93678A-E7F1-4330-9214-9CB7ECB17A18}"
EndProject
Project("{2150E333-8FDC-42A3-9474-1A3956D46DE8}") = "Solution Items", "Solution Items", "{3AF824A3-FEED-42E3-BDCE-7983411F9F12}"
	ProjectSection(SolutionItems) = preProject
		.editorconfig = .editorconfig
	EndProjectSection
EndProject
Global
	GlobalSection(SolutionConfigurationPlatforms) = preSolution
		Debug|Any CPU = Debug|Any CPU
		Release|Any CPU = Release|Any CPU
	EndGlobalSection
	GlobalSection(ProjectConfigurationPlatforms) = postSolution
		{71AD82AB-A79F-44C7-BB20-289D58220345}.Debug|Any CPU.ActiveCfg = Debug|Any CPU
		{71AD82AB-A79F-44C7-BB20-289D58220345}.Debug|Any CPU.Build.0 = Debug|Any CPU
		{71AD82AB-A79F-44C7-BB20-289D58220345}.Release|Any CPU.ActiveCfg = Release|Any CPU
		{71AD82AB-A79F-44C7-BB20-289D58220345}.Release|Any CPU.Build.0 = Release|Any CPU
		{E9007518-9E87-4C82-8E92-6A8020EF81CA}.Debug|Any CPU.ActiveCfg = Debug|Any CPU
		{E9007518-9E87-4C82-8E92-6A8020EF81CA}.Debug|Any CPU.Build.0 = Debug|Any CPU
		{E9007518-9E87-4C82-8E92-6A8020EF81CA}.Release|Any CPU.ActiveCfg = Release|Any CPU
		{E9007518-9E87-4C82-8E92-6A8020EF81CA}.Release|Any CPU.Build.0 = Release|Any CPU
		{1A93678A-E7F1-4330-9214-9CB7ECB17A18}.Debug|Any CPU.ActiveCfg = Debug|Any CPU
		{1A93678A-E7F1-4330-9214-9CB7ECB17A18}.Debug|Any CPU.Build.0 = Debug|Any CPU
		{1A93678A-E7F1-4330-9214-9CB7ECB17A18}.Release|Any CPU.ActiveCfg = Release|Any CPU
		{1A93678A-E7F1-4330-9214-9CB7ECB17A18}.Release|Any CPU.Build.0 = Release|Any CPU
	EndGlobalSection
	GlobalSection(SolutionProperties) = preSolution
		HideSolutionNode = FALSE
	EndGlobalSection
	GlobalSection(ExtensibilityGlobals) = postSolution
		SolutionGuid = {CF1D5D75-121B-4C2D-9F48-59763D76390D}
	EndGlobalSection
EndGlobal
